{
  "pins" : [
    {
      "identity" : "resting",
      "kind" : "remoteSourceControl",
      "location" : "https://github.com/rocxteady/Resting.git",
      "state" : {
        "revision" : "67fc1351f0ecc64f29a5c6f42c47f3b173e8240c",
        "version" : "0.0.6"
      }
    }
  ],
  "version" : 2
}
