{
  "pins" : [
    {
      "identity" : "resting",
      "kind" : "remoteSourceControl",
      "location" : "https://github.com/rocxteady/Resting.git",
      "state" : {
        "revision" : "62e73161df2af8d0342e9c2ac9337a29c9a721ef",
        "version" : "0.0.4"
      }
    }
  ],
  "version" : 2
}
